
Microsoft Visual Studio Solution File, Format Version 12.00
# Visual Studio Version 17
VisualStudioVersion = 17.1.32210.238
MinimumVisualStudioVersion = 10.0.40219.1
Project("{FAE04EC0-301F-11D3-BF4B-00C04F79EFBC}") = "SAP_Project", "SAP_Project\SAP_Project.csproj", "{C5C2BA59-C0AE-4B7D-AA20-D87BD31064F7}"
EndProject
Global
	GlobalSection(SolutionConfigurationPlatforms) = preSolution
		Debug|Any CPU = Debug|Any CPU
		Release|Any CPU = Release|Any CPU
	EndGlobalSection
	GlobalSection(ProjectConfigurationPlatforms) = postSolution
		{C5C2BA59-C0AE-4B7D-AA20-D87BD31064F7}.Debug|Any CPU.ActiveCfg = Debug|Any CPU
		{C5C2BA59-C0AE-4B7D-AA20-D87BD31064F7}.Debug|Any CPU.Build.0 = Debug|Any CPU
		{C5C2BA59-C0AE-4B7D-AA20-D87BD31064F7}.Release|Any CPU.ActiveCfg = Release|Any CPU
		{C5C2BA59-C0AE-4B7D-AA20-D87BD31064F7}.Release|Any CPU.Build.0 = Release|Any CPU
	EndGlobalSection
	GlobalSection(SolutionProperties) = preSolution
		HideSolutionNode = FALSE
	EndGlobalSection
	GlobalSection(ExtensibilityGlobals) = postSolution
		SolutionGuid = {ADCC55DC-7FAC-4F45-9C56-753981E44494}
	EndGlobalSection
EndGlobal
